PODS:
  - AFNetworking (3.1.0):
    - AFNetworking/NSURLSession (= 3.1.0)
    - AFNetworking/Reachability (= 3.1.0)
    - AFNetworking/Security (= 3.1.0)
    - AFNetworking/Serialization (= 3.1.0)
    - AFNetworking/UIKit (= 3.1.0)
  - AFNetworking/NSURLSession (3.1.0):
    - AFNetworking/Reachability
    - AFNetworking/Security
    - AFNetworking/Serialization
  - AFNetworking/Reachability (3.1.0)
  - AFNetworking/Security (3.1.0)
  - AFNetworking/Serialization (3.1.0)
  - AFNetworking/UIKit (3.1.0):
    - AFNetworking/NSURLSession
  - IQKeyboardManager (4.0.8)
  - Masonry (1.0.2)
  - MJExtension (3.0.13)
  - MJRefresh (3.1.12)
  - MLLabel (1.10.2)
  - SDAutoLayout (2.1.7)
  - SDWebImage (4.0.0):
    - SDWebImage/Core (= 4.0.0)
  - SDWebImage/Core (4.0.0)
  - TRZXDIYRefresh (0.0.1):
    - MJRefresh
  - TRZXKit (0.0.9)
  - TRZXMSSBrowse (0.0.1):
    - SDWebImage
  - TRZXNetwork (0.0.7):
    - AFNetworking
    - YYCache
  - TRZXZJWPhotoPicker (0.0.3):
    - SDWebImage
  - TZImagePickerController (1.7.8)
  - YYCache (1.0.4)

DEPENDENCIES:
  - IQKeyboardManager
  - Masonry
  - MJExtension
  - MJRefresh
  - MLLabel
  - SDAutoLayout
  - SDWebImage
  - TRZXDIYRefresh
  - TRZXKit
  - TRZXMSSBrowse
  - TRZXNetwork
  - TRZXZJWPhotoPicker
  - TZImagePickerController

SPEC CHECKSUMS:
  AFNetworking: 5e0e199f73d8626b11e79750991f5d173d1f8b67
  IQKeyboardManager: 1a8189fa153bf09044355ee0ad36826f6767e7f7
  Masonry: 7c429b56da9d4ee0bbb3ed77a5ea710d6a5df39e
  MJExtension: 5932755f451458eefa24239358817f8d291240c7
  MJRefresh: b96cdb21c4aa75a7b07654311ab2f315c497e806
  MLLabel: 71315bd11dc45bebba159e07427496ea8bfc2b0a
  SDAutoLayout: e9b36d04b8c0b504762a04d76fbbe5108944297a
  SDWebImage: 76a6348bdc74eb5a55dd08a091ef298e56b55e41
  TRZXDIYRefresh: a89e7cf1658ff7d57aad081c596c2a9cf137dcf2
  TRZXKit: af6dc2bcca593585d079d59ca10c8912ddc81b56
  TRZXMSSBrowse: 8457018b72ba433f010d782b0ff045f08bcfbad3
  TRZXNetwork: d6ce75a420218ed4b6b95f10220442f175947125
  TRZXZJWPhotoPicker: 19a3698cb87f79e9440c1dbe0e1734b63078017d
  TZImagePickerController: 87a138ae5d585225aaa6c8abe2cface0f0ad19dd
  YYCache: 8105b6638f5e849296c71f331ff83891a4942952

PODFILE CHECKSUM: 77252c31b645eb1a8d196e1e259a488e174b4ba5

COCOAPODS: 1.2.0
